
Microsoft Visual Studio Solution File, Format Version 12.00
# Visual Studio Version 17
VisualStudioVersion = 17.6.33815.320
MinimumVisualStudioVersion = 10.0.40219.1
Project("{8BC9CEB8-8B4A-11D0-8D11-00A0C91BC942}") = "ProblemSet1Credit", "ProblemSet1Credit\ProblemSet1Credit.vcxproj", "{DB921A6C-63CA-4F03-9645-B9FBDAB3AAE9}"
EndProject
Global
	GlobalSection(SolutionConfigurationPlatforms) = preSolution
		Debug|x64 = Debug|x64
		Debug|x86 = Debug|x86
		Release|x64 = Release|x64
		Release|x86 = Release|x86
	EndGlobalSection
	GlobalSection(ProjectConfigurationPlatforms) = postSolution
		{DB921A6C-63CA-4F03-9645-B9FBDAB3AAE9}.Debug|x64.ActiveCfg = Debug|x64
		{DB921A6C-63CA-4F03-9645-B9FBDAB3AAE9}.Debug|x64.Build.0 = Debug|x64
		{DB921A6C-63CA-4F03-9645-B9FBDAB3AAE9}.Debug|x86.ActiveCfg = Debug|Win32
		{DB921A6C-63CA-4F03-9645-B9FBDAB3AAE9}.Debug|x86.Build.0 = Debug|Win32
		{DB921A6C-63CA-4F03-9645-B9FBDAB3AAE9}.Release|x64.ActiveCfg = Release|x64
		{DB921A6C-63CA-4F03-9645-B9FBDAB3AAE9}.Release|x64.Build.0 = Release|x64
		{DB921A6C-63CA-4F03-9645-B9FBDAB3AAE9}.Release|x86.ActiveCfg = Release|Win32
		{DB921A6C-63CA-4F03-9645-B9FBDAB3AAE9}.Release|x86.Build.0 = Release|Win32
	EndGlobalSection
	GlobalSection(SolutionProperties) = preSolution
		HideSolutionNode = FALSE
	EndGlobalSection
	GlobalSection(ExtensibilityGlobals) = postSolution
		SolutionGuid = {C6662A8D-93F7-4C93-A5B1-4539D841D573}
	EndGlobalSection
EndGlobal
